
Microsoft Visual Studio Solution File, Format Version 11.00
# Visual Studio 2010
Project("{FAE04EC0-301F-11D3-BF4B-00C04F79EFBC}") = "SleepCycle", "SleepCycle\SleepCycle.csproj", "{486E9082-0E15-4203-A65B-6AB87DDD1075}"
EndProject
Global
	GlobalSection(SolutionConfigurationPlatforms) = preSolution
		Debug|iPhoneSimulator = Debug|iPhoneSimulator
		Release|iPhoneSimulator = Release|iPhoneSimulator
		Debug|iPhone = Debug|iPhone
		Release|iPhone = Release|iPhone
		Ad-Hoc|iPhone = Ad-Hoc|iPhone
		AppStore|iPhone = AppStore|iPhone
	EndGlobalSection
	GlobalSection(ProjectConfigurationPlatforms) = postSolution
		{486E9082-0E15-4203-A65B-6AB87DDD1075}.Ad-Hoc|iPhone.ActiveCfg = Ad-Hoc|iPhone
		{486E9082-0E15-4203-A65B-6AB87DDD1075}.Ad-Hoc|iPhone.Build.0 = Ad-Hoc|iPhone
		{486E9082-0E15-4203-A65B-6AB87DDD1075}.AppStore|iPhone.ActiveCfg = AppStore|iPhone
		{486E9082-0E15-4203-A65B-6AB87DDD1075}.AppStore|iPhone.Build.0 = AppStore|iPhone
		{486E9082-0E15-4203-A65B-6AB87DDD1075}.Debug|iPhone.ActiveCfg = Debug|iPhone
		{486E9082-0E15-4203-A65B-6AB87DDD1075}.Debug|iPhone.Build.0 = Debug|iPhone
		{486E9082-0E15-4203-A65B-6AB87DDD1075}.Debug|iPhoneSimulator.ActiveCfg = Debug|iPhoneSimulator
		{486E9082-0E15-4203-A65B-6AB87DDD1075}.Debug|iPhoneSimulator.Build.0 = Debug|iPhoneSimulator
		{486E9082-0E15-4203-A65B-6AB87DDD1075}.Release|iPhone.ActiveCfg = Release|iPhone
		{486E9082-0E15-4203-A65B-6AB87DDD1075}.Release|iPhone.Build.0 = Release|iPhone
		{486E9082-0E15-4203-A65B-6AB87DDD1075}.Release|iPhoneSimulator.ActiveCfg = Release|iPhoneSimulator
		{486E9082-0E15-4203-A65B-6AB87DDD1075}.Release|iPhoneSimulator.Build.0 = Release|iPhoneSimulator
	EndGlobalSection
	GlobalSection(MonoDevelopProperties) = preSolution
		StartupItem = SleepCycle\SleepCycle.csproj
	EndGlobalSection
EndGlobal
